// !$*UTF8*$!
{
	archiveVersion = 1;
	classes = {
	};
	objectVersion = 46;
	objects = {

/* Begin PBXBuildFile section */
		D8ECEBC31E7BC2E60087A31F /* AppDelegate.swift in Sources */ = {isa = PBXBuildFile; fileRef = D8ECEBC21E7BC2E60087A31F /* AppDelegate.swift */; };
		D8ECEBC51E7BC2E60087A31F /* ViewController.swift in Sources */ = {isa = PBXBuildFile; fileRef = D8ECEBC41E7BC2E60087A31F /* ViewController.swift */; };
		D8ECEBC81E7BC2E60087A31F /* Main.storyboard in Resources */ = {isa = PBXBuildFile; fileRef = D8ECEBC61E7BC2E60087A31F /* Main.storyboard */; };
		D8ECEBCA1E7BC2E60087A31F /* Assets.xcassets in Resources */ = {isa = PBXBuildFile; fileRef = D8ECEBC91E7BC2E60087A31F /* Assets.xcassets */; };
		D8ECEBCD1E7BC2E60087A31F /* LaunchScreen.storyboard in Resources */ = {isa = PBXBuildFile; fileRef = D8ECEBCB1E7BC2E60087A31F /* LaunchScreen.storyboard */; };
		D8FFFD591E7BCDEC00D56440 /* words.txt in Resources */ = {isa = PBXBuildFile; fileRef = D8FFFD581E7BCDEC00D56440 /* words.txt */; };
/* End PBXBuildFile section */

/* Begin PBXFileReference section */
		D8ECEBBF1E7BC2E60087A31F /* Pictionary.app */ = {isa = PBXFileReference; explicitFileType = wrapper.application; includeInIndex = 0; path = Pictionary.app; sourceTree = BUILT_PRODUCTS_DIR; };
		D8ECEBC21E7BC2E60087A31F /* AppDelegate.swift */ = {isa = PBXFileReference; lastKnownFileType = sourcecode.swift; path = AppDelegate.swift; sourceTree = "<group>"; };
		D8ECEBC41E7BC2E60087A31F /* ViewController.swift */ = {isa = PBXFileReference; lastKnownFileType = sourcecode.swift; path = ViewController.swift; sourceTree = "<group>"; };
		D8ECEBC71E7BC2E60087A31F /* Base */ = {isa = PBXFileReference; lastKnownFileType = file.storyboard; name = Base; path = Base.lproj/Main.storyboard; sourceTree = "<group>"; };
		D8ECEBC91E7BC2E60087A31F /* Assets.xcassets */ = {isa = PBXFileReference; lastKnownFileType = folder.assetcatalog; path = Assets.xcassets; sourceTree = "<group>"; };
		D8ECEBCC1E7BC2E60087A31F /* Base */ = {isa = PBXFileReference; lastKnownFileType = file.storyboard; name = Base; path = Base.lproj/LaunchScreen.storyboard; sourceTree = "<group>"; };
		D8ECEBCE1E7BC2E60087A31F /* Info.plist */ = {isa = PBXFileReference; lastKnownFileType = text.plist.xml; path = Info.plist; sourceTree = "<group>"; };
		D8FFFD581E7BCDEC00D56440 /* words.txt */ = {isa = PBXFileReference; fileEncoding = 4; lastKnownFileType = text; path = words.txt; sourceTree = "<group>"; };
/* End PBXFileReference section */

/* Begin PBXFrameworksBuildPhase section */
		D8ECEBBC1E7BC2E60087A31F /* Frameworks */ = {
			isa = PBXFrameworksBuildPhase;
			buildActionMask = 2147483647;
			files = (
			);
			runOnlyForDeploymentPostprocessing = 0;
		};
/* End PBXFrameworksBuildPhase section */

/* Begin PBXGroup section */
		D8ECEBB61E7BC2E60087A31F = {
			isa = PBXGroup;
			children = (
				D8ECEBC11E7BC2E60087A31F /* Pictionary */,
				D8ECEBC01E7BC2E60087A31F /* Products */,
			);
			sourceTree = "<group>";
		};
		D8ECEBC01E7BC2E60087A31F /* Products */ = {
			isa = PBXGroup;
			children = (
				D8ECEBBF1E7BC2E60087A31F /* Pictionary.app */,
			);
			name = Products;
			sourceTree = "<group>";
		};
		D8ECEBC11E7BC2E60087A31F /* Pictionary */ = {
			isa = PBXGroup;
			children = (
				D8ECEBC21E7BC2E60087A31F /* AppDelegate.swift */,
				D8ECEBC41E7BC2E60087A31F /* ViewController.swift */,
				D8ECEBC61E7BC2E60087A31F /* Main.storyboard */,
				D8FFFD581E7BCDEC00D56440 /* words.txt */,
				D8ECEBC91E7BC2E60087A31F /* Assets.xcassets */,
				D8ECEBCB1E7BC2E60087A31F /* LaunchScreen.storyboard */,
				D8ECEBCE1E7BC2E60087A31F /* Info.plist */,
			);
			path = Pictionary;
			sourceTree = "<group>";
		};
/* End PBXGroup section */

/* Begin PBXNativeTarget section */
		D8ECEBBE1E7BC2E60087A31F /* Pictionary */ = {
			isa = PBXNativeTarget;
			buildConfigurationList = D8ECEBD11E7BC2E60087A31F /* Build configuration list for PBXNativeTarget "Pictionary" */;
			buildPhases = (
				D8ECEBBB1E7BC2E60087A31F /* Sources */,
				D8ECEBBC1E7BC2E60087A31F /* Frameworks */,
				D8ECEBBD1E7BC2E60087A31F /* Resources */,
			);
			buildRules = (
			);
			dependencies = (
			);
			name = Pictionary;
			productName = Pictionary;
			productReference = D8ECEBBF1E7BC2E60087A31F /* Pictionary.app */;
			productType = "com.apple.product-type.application";
		};
/* End PBXNativeTarget section */

/* Begin PBXProject section */
		D8ECEBB71E7BC2E60087A31F /* Project object */ = {
			isa = PBXProject;
			attributes = {
				LastSwiftUpdateCheck = 0820;
				LastUpgradeCheck = 0820;
				ORGANIZATIONNAME = "Sand Studios";
				TargetAttributes = {
					D8ECEBBE1E7BC2E60087A31F = {
						CreatedOnToolsVersion = 8.2.1;
						ProvisioningStyle = Automatic;
					};
				};
			};
			buildConfigurationList = D8ECEBBA1E7BC2E60087A31F /* Build configuration list for PBXProject "Pictionary" */;
			compatibilityVersion = "Xcode 3.2";
			developmentRegion = English;
			hasScannedForEncodings = 0;
			knownRegions = (
				en,
				Base,
			);
			mainGroup = D8ECEBB61E7BC2E60087A31F;
			productRefGroup = D8ECEBC01E7BC2E60087A31F /* Products */;
			projectDirPath = "";
			projectRoot = "";
			targets = (
				D8ECEBBE1E7BC2E60087A31F /* Pictionary */,
			);
		};
/* End PBXProject section */

/* Begin PBXResourcesBuildPhase section */
		D8ECEBBD1E7BC2E60087A31F /* Resources */ = {
			isa = PBXResourcesBuildPhase;
			buildActionMask = 2147483647;
			files = (
				D8ECEBCD1E7BC2E60087A31F /* LaunchScreen.storyboard in Resources */,
				D8ECEBCA1E7BC2E60087A31F /* Assets.xcassets in Resources */,
				D8FFFD591E7BCDEC00D56440 /* words.txt in Resources */,
				D8ECEBC81E7BC2E60087A31F /* Main.storyboard in Resources */,
			);
			runOnlyForDeploymentPostprocessing = 0;
		};
/* End PBXResourcesBuildPhase section */

/* Begin PBXSourcesBuildPhase section */
		D8ECEBBB1E7BC2E60087A31F /* Sources */ = {
			isa = PBXSourcesBuildPhase;
			buildActionMask = 2147483647;
			files = (
				D8ECEBC51E7BC2E60087A31F /* ViewController.swift in Sources */,
				D8ECEBC31E7BC2E60087A31F /* AppDelegate.swift in Sources */,
			);
			runOnlyForDeploymentPostprocessing = 0;
		};
/* End PBXSourcesBuildPhase section */

/* Begin PBXVariantGroup section */
		D8ECEBC61E7BC2E60087A31F /* Main.storyboard */ = {
			isa = PBXVariantGroup;
			children = (
				D8ECEBC71E7BC2E60087A31F /* Base */,
			);
			name = Main.storyboard;
			sourceTree = "<group>";
		};
		D8ECEBCB1E7BC2E60087A31F /* LaunchScreen.storyboard */ = {
			isa = PBXVariantGroup;
			children = (
				D8ECEBCC1E7BC2E60087A31F /* Base */,
			);
			name = LaunchScreen.storyboard;
			sourceTree = "<group>";
		};
/* End PBXVariantGroup section */

/* Begin XCBuildConfiguration section */
		D8ECEBCF1E7BC2E60087A31F /* Debug */ = {
			isa = XCBuildConfiguration;
			buildSettings = {
				ALWAYS_SEARCH_USER_PATHS = NO;
				CLANG_ANALYZER_NONNULL = YES;
				CLANG_CXX_LANGUAGE_STANDARD = "gnu++0x";
				CLANG_CXX_LIBRARY = "libc++";
				CLANG_ENABLE_MODULES = YES;
				CLANG_ENABLE_OBJC_ARC = YES;
				CLANG_WARN_BOOL_CONVERSION = YES;
				CLANG_WARN_CONSTANT_CONVERSION = YES;
				CLANG_WARN_DIRECT_OBJC_ISA_USAGE = YES_ERROR;
				CLANG_WARN_DOCUMENTATION_COMMENTS = YES;
				CLANG_WARN_EMPTY_BODY = YES;
				CLANG_WARN_ENUM_CONVERSION = YES;
				CLANG_WARN_INFINITE_RECURSION = YES;
				CLANG_WARN_INT_CONVERSION = YES;
				CLANG_WARN_OBJC_ROOT_CLASS = YES_ERROR;
				CLANG_WARN_SUSPICIOUS_MOVE = YES;
				CLANG_WARN_UNREACHABLE_CODE = YES;
				CLANG_WARN__DUPLICATE_METHOD_MATCH = YES;
				"CODE_SIGN_IDENTITY[sdk=iphoneos*]" = "iPhone Developer";
				COPY_PHASE_STRIP = NO;
				DEBUG_INFORMATION_FORMAT = dwarf;
				ENABLE_STRICT_OBJC_MSGSEND = YES;
				ENABLE_TESTABILITY = YES;
				GCC_C_LANGUAGE_STANDARD = gnu99;
				GCC_DYNAMIC_NO_PIC = NO;
				GCC_NO_COMMON_BLOCKS = YES;
				GCC_OPTIMIZATION_LEVEL = 0;
				GCC_PREPROCESSOR_DEFINITIONS = (
					"DEBUG=1",
					"$(inherited)",
				);
				GCC_WARN_64_TO_32_BIT_CONVERSION = YES;
				GCC_WARN_ABOUT_RETURN_TYPE = YES_ERROR;
				GCC_WARN_UNDECLARED_SELECTOR = YES;
				GCC_WARN_UNINITIALIZED_AUTOS = YES_AGGRESSIVE;
				GCC_WARN_UNUSED_FUNCTION = YES;
				GCC_WARN_UNUSED_VARIABLE = YES;
				IPHONEOS_DEPLOYMENT_TARGET = 10.2;
				MTL_ENABLE_DEBUG_INFO = YES;
				ONLY_ACTIVE_ARCH = YES;
				SDKROOT = iphoneos;
				SWIFT_ACTIVE_COMPILATION_CONDITIONS = DEBUG;
				SWIFT_OPTIMIZATION_LEVEL = "-Onone";
				TARGETED_DEVICE_FAMILY = "1,2";
			};
			name = Debug;
		};
		D8ECEBD01E7BC2E60087A31F /* Release */ = {
			isa = XCBuildConfiguration;
			buildSettings = {
				ALWAYS_SEARCH_USER_PATHS = NO;
				CLANG_ANALYZER_NONNULL = YES;
				CLANG_CXX_LANGUAGE_STANDARD = "gnu++0x";
				CLANG_CXX_LIBRARY = "libc++";
				CLANG_ENABLE_MODULES = YES;
				CLANG_ENABLE_OBJC_ARC = YES;
				CLANG_WARN_BOOL_CONVERSION = YES;
				CLANG_WARN_CONSTANT_CONVERSION = YES;
				CLANG_WARN_DIRECT_OBJC_ISA_USAGE = YES_ERROR;
				CLANG_WARN_DOCUMENTATION_COMMENTS = YES;
				CLANG_WARN_EMPTY_BODY = YES;
				CLANG_WARN_ENUM_CONVERSION = YES;
				CLANG_WARN_INFINITE_RECURSION = YES;
				CLANG_WARN_INT_CONVERSION = YES;
				CLANG_WARN_OBJC_ROOT_CLASS = YES_ERROR;
				CLANG_WARN_SUSPICIOUS_MOVE = YES;
				CLANG_WARN_UNREACHABLE_CODE = YES;
				CLANG_WARN__DUPLICATE_METHOD_MATCH = YES;
				"CODE_SIGN_IDENTITY[sdk=iphoneos*]" = "iPhone Developer";
				COPY_PHASE_STRIP = NO;
				DEBUG_INFORMATION_FORMAT = "dwarf-with-dsym";
				ENABLE_NS_ASSERTIONS = NO;
				ENABLE_STRICT_OBJC_MSGSEND = YES;
				GCC_C_LANGUAGE_STANDARD = gnu99;
				GCC_NO_COMMON_BLOCKS = YES;
				GCC_WARN_64_TO_32_BIT_CONVERSION = YES;
				GCC_WARN_ABOUT_RETURN_TYPE = YES_ERROR;
				GCC_WARN_UNDECLARED_SELECTOR = YES;
				GCC_WARN_UNINITIALIZED_AUTOS = YES_AGGRESSIVE;
				GCC_WARN_UNUSED_FUNCTION = YES;
				GCC_WARN_UNUSED_VARIABLE = YES;
				IPHONEOS_DEPLOYMENT_TARGET = 10.2;
				MTL_ENABLE_DEBUG_INFO = NO;
				SDKROOT = iphoneos;
				SWIFT_OPTIMIZATION_LEVEL = "-Owholemodule";
				TARGETED_DEVICE_FAMILY = "1,2";
				VALIDATE_PRODUCT = YES;
			};
			name = Release;
		};
		D8ECEBD21E7BC2E60087A31F /* Debug */ = {
			isa = XCBuildConfiguration;
			buildSettings = {
				ASSETCATALOG_COMPILER_APPICON_NAME = AppIcon;
				INFOPLIST_FILE = Pictionary/Info.plist;
				LD_RUNPATH_SEARCH_PATHS = "$(inherited) @executable_path/Frameworks";
				PRODUCT_BUNDLE_IDENTIFIER = Sand.Pictionary;
				PRODUCT_NAME = "$(TARGET_NAME)";
				SWIFT_VERSION = 3.0;
			};
			name = Debug;
		};
		D8ECEBD31E7BC2E60087A31F /* Release */ = {
			isa = XCBuildConfiguration;
			buildSettings = {
				ASSETCATALOG_COMPILER_APPICON_NAME = AppIcon;
				INFOPLIST_FILE = Pictionary/Info.plist;
				LD_RUNPATH_SEARCH_PATHS = "$(inherited) @executable_path/Frameworks";
				PRODUCT_BUNDLE_IDENTIFIER = Sand.Pictionary;
				PRODUCT_NAME = "$(TARGET_NAME)";
				SWIFT_VERSION = 3.0;
			};
			name = Release;
		};
/* End XCBuildConfiguration section */

/* Begin XCConfigurationList section */
		D8ECEBBA1E7BC2E60087A31F /* Build configuration list for PBXProject "Pictionary" */ = {
			isa = XCConfigurationList;
			buildConfigurations = (
				D8ECEBCF1E7BC2E60087A31F /* Debug */,
				D8ECEBD01E7BC2E60087A31F /* Release */,
			);
			defaultConfigurationIsVisible = 0;
			defaultConfigurationName = Release;
		};
		D8ECEBD11E7BC2E60087A31F /* Build configuration list for PBXNativeTarget "Pictionary" */ = {
			isa = XCConfigurationList;
			buildConfigurations = (
				D8ECEBD21E7BC2E60087A31F /* Debug */,
				D8ECEBD31E7BC2E60087A31F /* Release */,
			);
			defaultConfigurationIsVisible = 0;
			defaultConfigurationName = Release;
		};
/* End XCConfigurationList section */
	};
	rootObject = D8ECEBB71E7BC2E60087A31F /* Project object */;
}
